
Microsoft Visual Studio Solution File, Format Version 12.00
# Visual Studio Version 17
VisualStudioVersion = 17.1.32228.430
MinimumVisualStudioVersion = 10.0.40219.1
Project("{FAE04EC0-301F-11D3-BF4B-00C04F79EFBC}") = "CSharpLearning", "CSharpLearning\CSharpLearning.csproj", "{51FC310E-CE39-4E45-B7F3-1ED700B181CC}"
EndProject
Global
	GlobalSection(SolutionConfigurationPlatforms) = preSolution
		Debug|Any CPU = Debug|Any CPU
		Release|Any CPU = Release|Any CPU
	EndGlobalSection
	GlobalSection(ProjectConfigurationPlatforms) = postSolution
		{51FC310E-CE39-4E45-B7F3-1ED700B181CC}.Debug|Any CPU.ActiveCfg = Debug|Any CPU
		{51FC310E-CE39-4E45-B7F3-1ED700B181CC}.Debug|Any CPU.Build.0 = Debug|Any CPU
		{51FC310E-CE39-4E45-B7F3-1ED700B181CC}.Release|Any CPU.ActiveCfg = Release|Any CPU
		{51FC310E-CE39-4E45-B7F3-1ED700B181CC}.Release|Any CPU.Build.0 = Release|Any CPU
	EndGlobalSection
	GlobalSection(SolutionProperties) = preSolution
		HideSolutionNode = FALSE
	EndGlobalSection
	GlobalSection(ExtensibilityGlobals) = postSolution
		SolutionGuid = {07C2C5B5-18E5-4185-ABA5-CD89E0918D1D}
	EndGlobalSection
EndGlobal
